
Microsoft Visual Studio Solution File, Format Version 12.00
# Visual Studio 15
VisualStudioVersion = 15.0.27130.2024
MinimumVisualStudioVersion = 10.0.40219.1
Project("{FAE04EC0-301F-11D3-BF4B-00C04F79EFBC}") = "NameSearch", "NameSearch\NameSearch.csproj", "{17071E84-1F67-4279-8621-610F03AF8E62}"
EndProject
Global
	GlobalSection(SolutionConfigurationPlatforms) = preSolution
		Debug|Any CPU = Debug|Any CPU
		Release|Any CPU = Release|Any CPU
	EndGlobalSection
	GlobalSection(ProjectConfigurationPlatforms) = postSolution
		{17071E84-1F67-4279-8621-610F03AF8E62}.Debug|Any CPU.ActiveCfg = Debug|Any CPU
		{17071E84-1F67-4279-8621-610F03AF8E62}.Debug|Any CPU.Build.0 = Debug|Any CPU
		{17071E84-1F67-4279-8621-610F03AF8E62}.Release|Any CPU.ActiveCfg = Release|Any CPU
		{17071E84-1F67-4279-8621-610F03AF8E62}.Release|Any CPU.Build.0 = Release|Any CPU
	EndGlobalSection
	GlobalSection(SolutionProperties) = preSolution
		HideSolutionNode = FALSE
	EndGlobalSection
	GlobalSection(ExtensibilityGlobals) = postSolution
		SolutionGuid = {3E7F1985-00BE-41EA-B61E-1AA3AD4C0BE6}
	EndGlobalSection
EndGlobal
